
Microsoft Visual Studio Solution File, Format Version 12.00
# Visual Studio 15
VisualStudioVersion = 15.0.28307.960
MinimumVisualStudioVersion = 10.0.40219.1
Project("{FAE04EC0-301F-11D3-BF4B-00C04F79EFBC}") = "AuthorizationServer", "AuthorizationServer\AuthorizationServer.csproj", "{26EF5B37-4E1B-4553-AC3F-B5985182C6A0}"
EndProject
Project("{FAE04EC0-301F-11D3-BF4B-00C04F79EFBC}") = "ResourceServer", "ResourceServer\ResourceServer.csproj", "{5F246183-2973-4253-931E-88E3E490E54F}"
EndProject
Global
	GlobalSection(SolutionConfigurationPlatforms) = preSolution
		Debug|Any CPU = Debug|Any CPU
		Release|Any CPU = Release|Any CPU
	EndGlobalSection
	GlobalSection(ProjectConfigurationPlatforms) = postSolution
		{26EF5B37-4E1B-4553-AC3F-B5985182C6A0}.Debug|Any CPU.ActiveCfg = Debug|Any CPU
		{26EF5B37-4E1B-4553-AC3F-B5985182C6A0}.Debug|Any CPU.Build.0 = Debug|Any CPU
		{26EF5B37-4E1B-4553-AC3F-B5985182C6A0}.Release|Any CPU.ActiveCfg = Release|Any CPU
		{26EF5B37-4E1B-4553-AC3F-B5985182C6A0}.Release|Any CPU.Build.0 = Release|Any CPU
		{5F246183-2973-4253-931E-88E3E490E54F}.Debug|Any CPU.ActiveCfg = Debug|Any CPU
		{5F246183-2973-4253-931E-88E3E490E54F}.Debug|Any CPU.Build.0 = Debug|Any CPU
		{5F246183-2973-4253-931E-88E3E490E54F}.Release|Any CPU.ActiveCfg = Release|Any CPU
		{5F246183-2973-4253-931E-88E3E490E54F}.Release|Any CPU.Build.0 = Release|Any CPU
	EndGlobalSection
	GlobalSection(SolutionProperties) = preSolution
		HideSolutionNode = FALSE
	EndGlobalSection
	GlobalSection(ExtensibilityGlobals) = postSolution
		SolutionGuid = {6C922489-939D-4C83-B381-B8030028A5EC}
	EndGlobalSection
EndGlobal
